
Microsoft Visual Studio Solution File, Format Version 12.00
# Visual Studio 2013
VisualStudioVersion = 12.0.21005.1
MinimumVisualStudioVersion = 10.0.40219.1
Project("{FAE04EC0-301F-11D3-BF4B-00C04F79EFBC}") = "SRC Server", "SRC Server\SRC Server.csproj", "{0193D8AF-584C-4EDF-853E-29BAE941234E}"
EndProject
Project("{FAE04EC0-301F-11D3-BF4B-00C04F79EFBC}") = "SRC Client", "SRC Client\SRC Client.csproj", "{532FED8F-1DDA-4A7F-8FE6-7ADA77D99418}"
EndProject
Global
	GlobalSection(SolutionConfigurationPlatforms) = preSolution
		Debug|Any CPU = Debug|Any CPU
		Release|Any CPU = Release|Any CPU
	EndGlobalSection
	GlobalSection(ProjectConfigurationPlatforms) = postSolution
		{0193D8AF-584C-4EDF-853E-29BAE941234E}.Debug|Any CPU.ActiveCfg = Debug|Any CPU
		{0193D8AF-584C-4EDF-853E-29BAE941234E}.Debug|Any CPU.Build.0 = Debug|Any CPU
		{0193D8AF-584C-4EDF-853E-29BAE941234E}.Release|Any CPU.ActiveCfg = Release|Any CPU
		{0193D8AF-584C-4EDF-853E-29BAE941234E}.Release|Any CPU.Build.0 = Release|Any CPU
		{532FED8F-1DDA-4A7F-8FE6-7ADA77D99418}.Debug|Any CPU.ActiveCfg = Debug|Any CPU
		{532FED8F-1DDA-4A7F-8FE6-7ADA77D99418}.Debug|Any CPU.Build.0 = Debug|Any CPU
		{532FED8F-1DDA-4A7F-8FE6-7ADA77D99418}.Release|Any CPU.ActiveCfg = Release|Any CPU
		{532FED8F-1DDA-4A7F-8FE6-7ADA77D99418}.Release|Any CPU.Build.0 = Release|Any CPU
	EndGlobalSection
	GlobalSection(SolutionProperties) = preSolution
		HideSolutionNode = FALSE
	EndGlobalSection
EndGlobal
